// !$*UTF8*$!
{
	archiveVersion = 1;
	classes = {
	};
	objectVersion = 55;
	objects = {

/* Begin PBXBuildFile section */
		B6F6E111274293EC00C26027 /* AppDelegate.swift in Sources */ = {isa = PBXBuildFile; fileRef = B6F6E110274293EC00C26027 /* AppDelegate.swift */; };
		B6F6E113274293EC00C26027 /* SceneDelegate.swift in Sources */ = {isa = PBXBuildFile; fileRef = B6F6E112274293EC00C26027 /* SceneDelegate.swift */; };
		B6F6E11A274293EE00C26027 /* Assets.xcassets in Resources */ = {isa = PBXBuildFile; fileRef = B6F6E119274293EE00C26027 /* Assets.xcassets */; };
		B6F6E11D274293EE00C26027 /* LaunchScreen.storyboard in Resources */ = {isa = PBXBuildFile; fileRef = B6F6E11B274293EE00C26027 /* LaunchScreen.storyboard */; };
		B6F6E1262742945C00C26027 /* RxCocoa in Frameworks */ = {isa = PBXBuildFile; productRef = B6F6E1252742945C00C26027 /* RxCocoa */; };
		B6F6E1282742945C00C26027 /* RxRelay in Frameworks */ = {isa = PBXBuildFile; productRef = B6F6E1272742945C00C26027 /* RxRelay */; };
		B6F6E12A2742945C00C26027 /* RxSwift in Frameworks */ = {isa = PBXBuildFile; productRef = B6F6E1292742945C00C26027 /* RxSwift */; };
		B6F6E12D2742948700C26027 /* Kingfisher in Frameworks */ = {isa = PBXBuildFile; productRef = B6F6E12C2742948700C26027 /* Kingfisher */; };
		B6F6E130274294A400C26027 /* SnapKit in Frameworks */ = {isa = PBXBuildFile; productRef = B6F6E12F274294A400C26027 /* SnapKit */; };
		B6F6E1322742951D00C26027 /* MainViewController.swift in Sources */ = {isa = PBXBuildFile; fileRef = B6F6E1312742951D00C26027 /* MainViewController.swift */; };
		B6F6E1342742966900C26027 /* SearchBar.swift in Sources */ = {isa = PBXBuildFile; fileRef = B6F6E1332742966900C26027 /* SearchBar.swift */; };
		B6F6E13627429D3400C26027 /* FilterView.swift in Sources */ = {isa = PBXBuildFile; fileRef = B6F6E13527429D3400C26027 /* FilterView.swift */; };
		B6F6E13827429EC800C26027 /* BlogList.swift in Sources */ = {isa = PBXBuildFile; fileRef = B6F6E13727429EC800C26027 /* BlogList.swift */; };
		B6F6E13A27429ED500C26027 /* BlogListCell.swift in Sources */ = {isa = PBXBuildFile; fileRef = B6F6E13927429ED500C26027 /* BlogListCell.swift */; };
		B6F6E13C27429EE600C26027 /* BlogListCellData.swift in Sources */ = {isa = PBXBuildFile; fileRef = B6F6E13B27429EE600C26027 /* BlogListCellData.swift */; };
		B6F6E1452742A69800C26027 /* AlertActionConvertible.swift in Sources */ = {isa = PBXBuildFile; fileRef = B6F6E1442742A69800C26027 /* AlertActionConvertible.swift */; };
/* End PBXBuildFile section */

/* Begin PBXFileReference section */
		B6F6E10D274293EC00C26027 /* SearchDaumBlog.app */ = {isa = PBXFileReference; explicitFileType = wrapper.application; includeInIndex = 0; path = SearchDaumBlog.app; sourceTree = BUILT_PRODUCTS_DIR; };
		B6F6E110274293EC00C26027 /* AppDelegate.swift */ = {isa = PBXFileReference; lastKnownFileType = sourcecode.swift; path = AppDelegate.swift; sourceTree = "<group>"; };
		B6F6E112274293EC00C26027 /* SceneDelegate.swift */ = {isa = PBXFileReference; lastKnownFileType = sourcecode.swift; path = SceneDelegate.swift; sourceTree = "<group>"; };
		B6F6E119274293EE00C26027 /* Assets.xcassets */ = {isa = PBXFileReference; lastKnownFileType = folder.assetcatalog; path = Assets.xcassets; sourceTree = "<group>"; };
		B6F6E11C274293EE00C26027 /* Base */ = {isa = PBXFileReference; lastKnownFileType = file.storyboard; name = Base; path = Base.lproj/LaunchScreen.storyboard; sourceTree = "<group>"; };
		B6F6E11E274293EE00C26027 /* Info.plist */ = {isa = PBXFileReference; lastKnownFileType = text.plist.xml; path = Info.plist; sourceTree = "<group>"; };
		B6F6E1312742951D00C26027 /* MainViewController.swift */ = {isa = PBXFileReference; lastKnownFileType = sourcecode.swift; path = MainViewController.swift; sourceTree = "<group>"; };
		B6F6E1332742966900C26027 /* SearchBar.swift */ = {isa = PBXFileReference; lastKnownFileType = sourcecode.swift; path = SearchBar.swift; sourceTree = "<group>"; };
		B6F6E13527429D3400C26027 /* FilterView.swift */ = {isa = PBXFileReference; lastKnownFileType = sourcecode.swift; path = FilterView.swift; sourceTree = "<group>"; };
		B6F6E13727429EC800C26027 /* BlogList.swift */ = {isa = PBXFileReference; lastKnownFileType = sourcecode.swift; path = BlogList.swift; sourceTree = "<group>"; };
		B6F6E13927429ED500C26027 /* BlogListCell.swift */ = {isa = PBXFileReference; lastKnownFileType = sourcecode.swift; path = BlogListCell.swift; sourceTree = "<group>"; };
		B6F6E13B27429EE600C26027 /* BlogListCellData.swift */ = {isa = PBXFileReference; lastKnownFileType = sourcecode.swift; path = BlogListCellData.swift; sourceTree = "<group>"; };
		B6F6E1442742A69800C26027 /* AlertActionConvertible.swift */ = {isa = PBXFileReference; lastKnownFileType = sourcecode.swift; path = AlertActionConvertible.swift; sourceTree = "<group>"; };
/* End PBXFileReference section */

/* Begin PBXFrameworksBuildPhase section */
		B6F6E10A274293EC00C26027 /* Frameworks */ = {
			isa = PBXFrameworksBuildPhase;
			buildActionMask = 2147483647;
			files = (
				B6F6E12D2742948700C26027 /* Kingfisher in Frameworks */,
				B6F6E12A2742945C00C26027 /* RxSwift in Frameworks */,
				B6F6E1282742945C00C26027 /* RxRelay in Frameworks */,
				B6F6E1262742945C00C26027 /* RxCocoa in Frameworks */,
				B6F6E130274294A400C26027 /* SnapKit in Frameworks */,
			);
			runOnlyForDeploymentPostprocessing = 0;
		};
/* End PBXFrameworksBuildPhase section */

/* Begin PBXGroup section */
		B6F6E104274293EC00C26027 = {
			isa = PBXGroup;
			children = (
				B6F6E10F274293EC00C26027 /* SearchDaumBlog */,
				B6F6E10E274293EC00C26027 /* Products */,
			);
			sourceTree = "<group>";
		};
		B6F6E10E274293EC00C26027 /* Products */ = {
			isa = PBXGroup;
			children = (
				B6F6E10D274293EC00C26027 /* SearchDaumBlog.app */,
			);
			name = Products;
			sourceTree = "<group>";
		};
		B6F6E10F274293EC00C26027 /* SearchDaumBlog */ = {
			isa = PBXGroup;
			children = (
				B6F6E110274293EC00C26027 /* AppDelegate.swift */,
				B6F6E112274293EC00C26027 /* SceneDelegate.swift */,
				B6F6E13D27429F0000C26027 /* Entities */,
				B6F6E13E27429F1500C26027 /* Presentation */,
				B6F6E119274293EE00C26027 /* Assets.xcassets */,
				B6F6E11B274293EE00C26027 /* LaunchScreen.storyboard */,
				B6F6E11E274293EE00C26027 /* Info.plist */,
			);
			path = SearchDaumBlog;
			sourceTree = "<group>";
		};
		B6F6E13D27429F0000C26027 /* Entities */ = {
			isa = PBXGroup;
			children = (
				B6F6E13B27429EE600C26027 /* BlogListCellData.swift */,
				B6F6E1442742A69800C26027 /* AlertActionConvertible.swift */,
			);
			path = Entities;
			sourceTree = "<group>";
		};
		B6F6E13E27429F1500C26027 /* Presentation */ = {
			isa = PBXGroup;
			children = (
				B6F6E1402742A5BF00C26027 /* MainViewController */,
			);
			path = Presentation;
			sourceTree = "<group>";
		};
		B6F6E13F2742A5A500C26027 /* SubComponents */ = {
			isa = PBXGroup;
			children = (
				B6F6E1412742A5D900C26027 /* SearchBar */,
				B6F6E1422742A5E100C26027 /* BlogListView */,
			);
			path = SubComponents;
			sourceTree = "<group>";
		};
		B6F6E1402742A5BF00C26027 /* MainViewController */ = {
			isa = PBXGroup;
			children = (
				B6F6E1312742951D00C26027 /* MainViewController.swift */,
				B6F6E13F2742A5A500C26027 /* SubComponents */,
			);
			path = MainViewController;
			sourceTree = "<group>";
		};
		B6F6E1412742A5D900C26027 /* SearchBar */ = {
			isa = PBXGroup;
			children = (
				B6F6E1332742966900C26027 /* SearchBar.swift */,
			);
			path = SearchBar;
			sourceTree = "<group>";
		};
		B6F6E1422742A5E100C26027 /* BlogListView */ = {
			isa = PBXGroup;
			children = (
				B6F6E13727429EC800C26027 /* BlogList.swift */,
				B6F6E1432742A5EE00C26027 /* SubComponent */,
			);
			path = BlogListView;
			sourceTree = "<group>";
		};
		B6F6E1432742A5EE00C26027 /* SubComponent */ = {
			isa = PBXGroup;
			children = (
				B6F6E13527429D3400C26027 /* FilterView.swift */,
				B6F6E13927429ED500C26027 /* BlogListCell.swift */,
			);
			path = SubComponent;
			sourceTree = "<group>";
		};
/* End PBXGroup section */

/* Begin PBXNativeTarget section */
		B6F6E10C274293EC00C26027 /* SearchDaumBlog */ = {
			isa = PBXNativeTarget;
			buildConfigurationList = B6F6E121274293EE00C26027 /* Build configuration list for PBXNativeTarget "SearchDaumBlog" */;
			buildPhases = (
				B6F6E109274293EC00C26027 /* Sources */,
				B6F6E10A274293EC00C26027 /* Frameworks */,
				B6F6E10B274293EC00C26027 /* Resources */,
			);
			buildRules = (
			);
			dependencies = (
			);
			name = SearchDaumBlog;
			packageProductDependencies = (
				B6F6E1252742945C00C26027 /* RxCocoa */,
				B6F6E1272742945C00C26027 /* RxRelay */,
				B6F6E1292742945C00C26027 /* RxSwift */,
				B6F6E12C2742948700C26027 /* Kingfisher */,
				B6F6E12F274294A400C26027 /* SnapKit */,
			);
			productName = SearchDaumBlog;
			productReference = B6F6E10D274293EC00C26027 /* SearchDaumBlog.app */;
			productType = "com.apple.product-type.application";
		};
/* End PBXNativeTarget section */

/* Begin PBXProject section */
		B6F6E105274293EC00C26027 /* Project object */ = {
			isa = PBXProject;
			attributes = {
				BuildIndependentTargetsInParallel = 1;
				LastSwiftUpdateCheck = 1310;
				LastUpgradeCheck = 1310;
				TargetAttributes = {
					B6F6E10C274293EC00C26027 = {
						CreatedOnToolsVersion = 13.1;
					};
				};
			};
			buildConfigurationList = B6F6E108274293EC00C26027 /* Build configuration list for PBXProject "SearchDaumBlog" */;
			compatibilityVersion = "Xcode 13.0";
			developmentRegion = en;
			hasScannedForEncodings = 0;
			knownRegions = (
				en,
				Base,
			);
			mainGroup = B6F6E104274293EC00C26027;
			packageReferences = (
				B6F6E1242742945C00C26027 /* XCRemoteSwiftPackageReference "rxswift" */,
				B6F6E12B2742948700C26027 /* XCRemoteSwiftPackageReference "Kingfisher" */,
				B6F6E12E274294A400C26027 /* XCRemoteSwiftPackageReference "SnapKit" */,
			);
			productRefGroup = B6F6E10E274293EC00C26027 /* Products */;
			projectDirPath = "";
			projectRoot = "";
			targets = (
				B6F6E10C274293EC00C26027 /* SearchDaumBlog */,
			);
		};
/* End PBXProject section */

/* Begin PBXResourcesBuildPhase section */
		B6F6E10B274293EC00C26027 /* Resources */ = {
			isa = PBXResourcesBuildPhase;
			buildActionMask = 2147483647;
			files = (
				B6F6E11D274293EE00C26027 /* LaunchScreen.storyboard in Resources */,
				B6F6E11A274293EE00C26027 /* Assets.xcassets in Resources */,
			);
			runOnlyForDeploymentPostprocessing = 0;
		};
/* End PBXResourcesBuildPhase section */

/* Begin PBXSourcesBuildPhase section */
		B6F6E109274293EC00C26027 /* Sources */ = {
			isa = PBXSourcesBuildPhase;
			buildActionMask = 2147483647;
			files = (
				B6F6E1322742951D00C26027 /* MainViewController.swift in Sources */,
				B6F6E13A27429ED500C26027 /* BlogListCell.swift in Sources */,
				B6F6E13827429EC800C26027 /* BlogList.swift in Sources */,
				B6F6E13C27429EE600C26027 /* BlogListCellData.swift in Sources */,
				B6F6E1342742966900C26027 /* SearchBar.swift in Sources */,
				B6F6E111274293EC00C26027 /* AppDelegate.swift in Sources */,
				B6F6E13627429D3400C26027 /* FilterView.swift in Sources */,
				B6F6E113274293EC00C26027 /* SceneDelegate.swift in Sources */,
				B6F6E1452742A69800C26027 /* AlertActionConvertible.swift in Sources */,
			);
			runOnlyForDeploymentPostprocessing = 0;
		};
/* End PBXSourcesBuildPhase section */

/* Begin PBXVariantGroup section */
		B6F6E11B274293EE00C26027 /* LaunchScreen.storyboard */ = {
			isa = PBXVariantGroup;
			children = (
				B6F6E11C274293EE00C26027 /* Base */,
			);
			name = LaunchScreen.storyboard;
			sourceTree = "<group>";
		};
/* End PBXVariantGroup section */

/* Begin XCBuildConfiguration section */
		B6F6E11F274293EE00C26027 /* Debug */ = {
			isa = XCBuildConfiguration;
			buildSettings = {
				ALWAYS_SEARCH_USER_PATHS = NO;
				CLANG_ANALYZER_NONNULL = YES;
				CLANG_ANALYZER_NUMBER_OBJECT_CONVERSION = YES_AGGRESSIVE;
				CLANG_CXX_LANGUAGE_STANDARD = "gnu++17";
				CLANG_CXX_LIBRARY = "libc++";
				CLANG_ENABLE_MODULES = YES;
				CLANG_ENABLE_OBJC_ARC = YES;
				CLANG_ENABLE_OBJC_WEAK = YES;
				CLANG_WARN_BLOCK_CAPTURE_AUTORELEASING = YES;
				CLANG_WARN_BOOL_CONVERSION = YES;
				CLANG_WARN_COMMA = YES;
				CLANG_WARN_CONSTANT_CONVERSION = YES;
				CLANG_WARN_DEPRECATED_OBJC_IMPLEMENTATIONS = YES;
				CLANG_WARN_DIRECT_OBJC_ISA_USAGE = YES_ERROR;
				CLANG_WARN_DOCUMENTATION_COMMENTS = YES;
				CLANG_WARN_EMPTY_BODY = YES;
				CLANG_WARN_ENUM_CONVERSION = YES;
				CLANG_WARN_INFINITE_RECURSION = YES;
				CLANG_WARN_INT_CONVERSION = YES;
				CLANG_WARN_NON_LITERAL_NULL_CONVERSION = YES;
				CLANG_WARN_OBJC_IMPLICIT_RETAIN_SELF = YES;
				CLANG_WARN_OBJC_LITERAL_CONVERSION = YES;
				CLANG_WARN_OBJC_ROOT_CLASS = YES_ERROR;
				CLANG_WARN_QUOTED_INCLUDE_IN_FRAMEWORK_HEADER = YES;
				CLANG_WARN_RANGE_LOOP_ANALYSIS = YES;
				CLANG_WARN_STRICT_PROTOTYPES = YES;
				CLANG_WARN_SUSPICIOUS_MOVE = YES;
				CLANG_WARN_UNGUARDED_AVAILABILITY = YES_AGGRESSIVE;
				CLANG_WARN_UNREACHABLE_CODE = YES;
				CLANG_WARN__DUPLICATE_METHOD_MATCH = YES;
				COPY_PHASE_STRIP = NO;
				DEBUG_INFORMATION_FORMAT = dwarf;
				ENABLE_STRICT_OBJC_MSGSEND = YES;
				ENABLE_TESTABILITY = YES;
				GCC_C_LANGUAGE_STANDARD = gnu11;
				GCC_DYNAMIC_NO_PIC = NO;
				GCC_NO_COMMON_BLOCKS = YES;
				GCC_OPTIMIZATION_LEVEL = 0;
				GCC_PREPROCESSOR_DEFINITIONS = (
					"DEBUG=1",
					"$(inherited)",
				);
				GCC_WARN_64_TO_32_BIT_CONVERSION = YES;
				GCC_WARN_ABOUT_RETURN_TYPE = YES_ERROR;
				GCC_WARN_UNDECLARED_SELECTOR = YES;
				GCC_WARN_UNINITIALIZED_AUTOS = YES_AGGRESSIVE;
				GCC_WARN_UNUSED_FUNCTION = YES;
				GCC_WARN_UNUSED_VARIABLE = YES;
				IPHONEOS_DEPLOYMENT_TARGET = 15.0;
				MTL_ENABLE_DEBUG_INFO = INCLUDE_SOURCE;
				MTL_FAST_MATH = YES;
				ONLY_ACTIVE_ARCH = YES;
				SDKROOT = iphoneos;
				SWIFT_ACTIVE_COMPILATION_CONDITIONS = DEBUG;
				SWIFT_OPTIMIZATION_LEVEL = "-Onone";
			};
			name = Debug;
		};
		B6F6E120274293EE00C26027 /* Release */ = {
			isa = XCBuildConfiguration;
			buildSettings = {
				ALWAYS_SEARCH_USER_PATHS = NO;
				CLANG_ANALYZER_NONNULL = YES;
				CLANG_ANALYZER_NUMBER_OBJECT_CONVERSION = YES_AGGRESSIVE;
				CLANG_CXX_LANGUAGE_STANDARD = "gnu++17";
				CLANG_CXX_LIBRARY = "libc++";
				CLANG_ENABLE_MODULES = YES;
				CLANG_ENABLE_OBJC_ARC = YES;
				CLANG_ENABLE_OBJC_WEAK = YES;
				CLANG_WARN_BLOCK_CAPTURE_AUTORELEASING = YES;
				CLANG_WARN_BOOL_CONVERSION = YES;
				CLANG_WARN_COMMA = YES;
				CLANG_WARN_CONSTANT_CONVERSION = YES;
				CLANG_WARN_DEPRECATED_OBJC_IMPLEMENTATIONS = YES;
				CLANG_WARN_DIRECT_OBJC_ISA_USAGE = YES_ERROR;
				CLANG_WARN_DOCUMENTATION_COMMENTS = YES;
				CLANG_WARN_EMPTY_BODY = YES;
				CLANG_WARN_ENUM_CONVERSION = YES;
				CLANG_WARN_INFINITE_RECURSION = YES;
				CLANG_WARN_INT_CONVERSION = YES;
				CLANG_WARN_NON_LITERAL_NULL_CONVERSION = YES;
				CLANG_WARN_OBJC_IMPLICIT_RETAIN_SELF = YES;
				CLANG_WARN_OBJC_LITERAL_CONVERSION = YES;
				CLANG_WARN_OBJC_ROOT_CLASS = YES_ERROR;
				CLANG_WARN_QUOTED_INCLUDE_IN_FRAMEWORK_HEADER = YES;
				CLANG_WARN_RANGE_LOOP_ANALYSIS = YES;
				CLANG_WARN_STRICT_PROTOTYPES = YES;
				CLANG_WARN_SUSPICIOUS_MOVE = YES;
				CLANG_WARN_UNGUARDED_AVAILABILITY = YES_AGGRESSIVE;
				CLANG_WARN_UNREACHABLE_CODE = YES;
				CLANG_WARN__DUPLICATE_METHOD_MATCH = YES;
				COPY_PHASE_STRIP = NO;
				DEBUG_INFORMATION_FORMAT = "dwarf-with-dsym";
				ENABLE_NS_ASSERTIONS = NO;
				ENABLE_STRICT_OBJC_MSGSEND = YES;
				GCC_C_LANGUAGE_STANDARD = gnu11;
				GCC_NO_COMMON_BLOCKS = YES;
				GCC_WARN_64_TO_32_BIT_CONVERSION = YES;
				GCC_WARN_ABOUT_RETURN_TYPE = YES_ERROR;
				GCC_WARN_UNDECLARED_SELECTOR = YES;
				GCC_WARN_UNINITIALIZED_AUTOS = YES_AGGRESSIVE;
				GCC_WARN_UNUSED_FUNCTION = YES;
				GCC_WARN_UNUSED_VARIABLE = YES;
				IPHONEOS_DEPLOYMENT_TARGET = 15.0;
				MTL_ENABLE_DEBUG_INFO = NO;
				MTL_FAST_MATH = YES;
				SDKROOT = iphoneos;
				SWIFT_COMPILATION_MODE = wholemodule;
				SWIFT_OPTIMIZATION_LEVEL = "-O";
				VALIDATE_PRODUCT = YES;
			};
			name = Release;
		};
		B6F6E122274293EE00C26027 /* Debug */ = {
			isa = XCBuildConfiguration;
			buildSettings = {
				ASSETCATALOG_COMPILER_APPICON_NAME = AppIcon;
				ASSETCATALOG_COMPILER_GLOBAL_ACCENT_COLOR_NAME = AccentColor;
				CODE_SIGN_STYLE = Automatic;
				CURRENT_PROJECT_VERSION = 1;
				DEVELOPMENT_TEAM = WNS8Q2P39R;
				GENERATE_INFOPLIST_FILE = YES;
				INFOPLIST_FILE = SearchDaumBlog/Info.plist;
				INFOPLIST_KEY_UIApplicationSupportsIndirectInputEvents = YES;
				INFOPLIST_KEY_UILaunchStoryboardName = LaunchScreen;
				INFOPLIST_KEY_UISupportedInterfaceOrientations_iPad = "UIInterfaceOrientationPortrait UIInterfaceOrientationPortraitUpsideDown UIInterfaceOrientationLandscapeLeft UIInterfaceOrientationLandscapeRight";
				INFOPLIST_KEY_UISupportedInterfaceOrientations_iPhone = "UIInterfaceOrientationPortrait UIInterfaceOrientationLandscapeLeft UIInterfaceOrientationLandscapeRight";
				LD_RUNPATH_SEARCH_PATHS = (
					"$(inherited)",
					"@executable_path/Frameworks",
				);
				MARKETING_VERSION = 1.0;
				PRODUCT_BUNDLE_IDENTIFIER = com.woong.SearchDaumBlog;
				PRODUCT_NAME = "$(TARGET_NAME)";
				SWIFT_EMIT_LOC_STRINGS = YES;
				SWIFT_VERSION = 5.0;
				TARGETED_DEVICE_FAMILY = "1,2";
			};
			name = Debug;
		};
		B6F6E123274293EE00C26027 /* Release */ = {
			isa = XCBuildConfiguration;
			buildSettings = {
				ASSETCATALOG_COMPILER_APPICON_NAME = AppIcon;
				ASSETCATALOG_COMPILER_GLOBAL_ACCENT_COLOR_NAME = AccentColor;
				CODE_SIGN_STYLE = Automatic;
				CURRENT_PROJECT_VERSION = 1;
				DEVELOPMENT_TEAM = WNS8Q2P39R;
				GENERATE_INFOPLIST_FILE = YES;
				INFOPLIST_FILE = SearchDaumBlog/Info.plist;
				INFOPLIST_KEY_UIApplicationSupportsIndirectInputEvents = YES;
				INFOPLIST_KEY_UILaunchStoryboardName = LaunchScreen;
				INFOPLIST_KEY_UISupportedInterfaceOrientations_iPad = "UIInterfaceOrientationPortrait UIInterfaceOrientationPortraitUpsideDown UIInterfaceOrientationLandscapeLeft UIInterfaceOrientationLandscapeRight";
				INFOPLIST_KEY_UISupportedInterfaceOrientations_iPhone = "UIInterfaceOrientationPortrait UIInterfaceOrientationLandscapeLeft UIInterfaceOrientationLandscapeRight";
				LD_RUNPATH_SEARCH_PATHS = (
					"$(inherited)",
					"@executable_path/Frameworks",
				);
				MARKETING_VERSION = 1.0;
				PRODUCT_BUNDLE_IDENTIFIER = com.woong.SearchDaumBlog;
				PRODUCT_NAME = "$(TARGET_NAME)";
				SWIFT_EMIT_LOC_STRINGS = YES;
				SWIFT_VERSION = 5.0;
				TARGETED_DEVICE_FAMILY = "1,2";
			};
			name = Release;
		};
/* End XCBuildConfiguration section */

/* Begin XCConfigurationList section */
		B6F6E108274293EC00C26027 /* Build configuration list for PBXProject "SearchDaumBlog" */ = {
			isa = XCConfigurationList;
			buildConfigurations = (
				B6F6E11F274293EE00C26027 /* Debug */,
				B6F6E120274293EE00C26027 /* Release */,
			);
			defaultConfigurationIsVisible = 0;
			defaultConfigurationName = Release;
		};
		B6F6E121274293EE00C26027 /* Build configuration list for PBXNativeTarget "SearchDaumBlog" */ = {
			isa = XCConfigurationList;
			buildConfigurations = (
				B6F6E122274293EE00C26027 /* Debug */,
				B6F6E123274293EE00C26027 /* Release */,
			);
			defaultConfigurationIsVisible = 0;
			defaultConfigurationName = Release;
		};
/* End XCConfigurationList section */

/* Begin XCRemoteSwiftPackageReference section */
		B6F6E1242742945C00C26027 /* XCRemoteSwiftPackageReference "rxswift" */ = {
			isa = XCRemoteSwiftPackageReference;
			repositoryURL = "https://github.com/reactivex/rxswift.git";
			requirement = {
				kind = upToNextMajorVersion;
				minimumVersion = 6.0.0;
			};
		};
		B6F6E12B2742948700C26027 /* XCRemoteSwiftPackageReference "Kingfisher" */ = {
			isa = XCRemoteSwiftPackageReference;
			repositoryURL = "https://github.com/onevcat/Kingfisher.git";
			requirement = {
				kind = upToNextMajorVersion;
				minimumVersion = 7.0.0;
			};
		};
		B6F6E12E274294A400C26027 /* XCRemoteSwiftPackageReference "SnapKit" */ = {
			isa = XCRemoteSwiftPackageReference;
			repositoryURL = "https://github.com/SnapKit/SnapKit.git";
			requirement = {
				kind = upToNextMajorVersion;
				minimumVersion = 5.0.0;
			};
		};
/* End XCRemoteSwiftPackageReference section */

/* Begin XCSwiftPackageProductDependency section */
		B6F6E1252742945C00C26027 /* RxCocoa */ = {
			isa = XCSwiftPackageProductDependency;
			package = B6F6E1242742945C00C26027 /* XCRemoteSwiftPackageReference "rxswift" */;
			productName = RxCocoa;
		};
		B6F6E1272742945C00C26027 /* RxRelay */ = {
			isa = XCSwiftPackageProductDependency;
			package = B6F6E1242742945C00C26027 /* XCRemoteSwiftPackageReference "rxswift" */;
			productName = RxRelay;
		};
		B6F6E1292742945C00C26027 /* RxSwift */ = {
			isa = XCSwiftPackageProductDependency;
			package = B6F6E1242742945C00C26027 /* XCRemoteSwiftPackageReference "rxswift" */;
			productName = RxSwift;
		};
		B6F6E12C2742948700C26027 /* Kingfisher */ = {
			isa = XCSwiftPackageProductDependency;
			package = B6F6E12B2742948700C26027 /* XCRemoteSwiftPackageReference "Kingfisher" */;
			productName = Kingfisher;
		};
		B6F6E12F274294A400C26027 /* SnapKit */ = {
			isa = XCSwiftPackageProductDependency;
			package = B6F6E12E274294A400C26027 /* XCRemoteSwiftPackageReference "SnapKit" */;
			productName = SnapKit;
		};
/* End XCSwiftPackageProductDependency section */
	};
	rootObject = B6F6E105274293EC00C26027 /* Project object */;
}
